
Microsoft Visual Studio Solution File, Format Version 12.00
# Visual Studio Version 18
VisualStudioVersion = 18.0.11222.15
MinimumVisualStudioVersion = 10.0.40219.1
Project("{FAE04EC0-301F-11D3-BF4B-00C04F79EFBC}") = "GestionScolarite", "GestionScolarite\GestionScolarite.csproj", "{98611171-7736-4247-83AB-5399D96FFFE3}"
EndProject
Project("{FAE04EC0-301F-11D3-BF4B-00C04F79EFBC}") = "GestionScolarite.UnitTests", "GestionScolarite.UnitTests\GestionScolarite.UnitTests.csproj", "{B46B64A9-21F8-4F51-82CE-F7666D78FD69}"
EndProject
Global
	GlobalSection(SolutionConfigurationPlatforms) = preSolution
		Debug|Any CPU = Debug|Any CPU
		Release|Any CPU = Release|Any CPU
	EndGlobalSection
	GlobalSection(ProjectConfigurationPlatforms) = postSolution
		{98611171-7736-4247-83AB-5399D96FFFE3}.Debug|Any CPU.ActiveCfg = Debug|Any CPU
		{98611171-7736-4247-83AB-5399D96FFFE3}.Debug|Any CPU.Build.0 = Debug|Any CPU
		{98611171-7736-4247-83AB-5399D96FFFE3}.Release|Any CPU.ActiveCfg = Release|Any CPU
		{98611171-7736-4247-83AB-5399D96FFFE3}.Release|Any CPU.Build.0 = Release|Any CPU
		{B46B64A9-21F8-4F51-82CE-F7666D78FD69}.Debug|Any CPU.ActiveCfg = Debug|Any CPU
		{B46B64A9-21F8-4F51-82CE-F7666D78FD69}.Debug|Any CPU.Build.0 = Debug|Any CPU
		{B46B64A9-21F8-4F51-82CE-F7666D78FD69}.Release|Any CPU.ActiveCfg = Release|Any CPU
		{B46B64A9-21F8-4F51-82CE-F7666D78FD69}.Release|Any CPU.Build.0 = Release|Any CPU
	EndGlobalSection
	GlobalSection(SolutionProperties) = preSolution
		HideSolutionNode = FALSE
	EndGlobalSection
	GlobalSection(ExtensibilityGlobals) = postSolution
		SolutionGuid = {F20EA610-30BC-4A59-8287-B776FDC877AC}
	EndGlobalSection
EndGlobal
